# THIS IS AN AUTOGENERATED FILE. DO NOT EDIT THIS FILE DIRECTLY.
# yarn lockfile v1


atomic-sleep@^1.0.0:
  version "1.0.0"
  resolved "https://registry.yarnpkg.com/atomic-sleep/-/atomic-sleep-1.0.0.tgz#eb85b77a601fc932cfe432c5acd364a9e2c9075b"
  integrity sha512-kNOjDqAh7px0XWNI+4QbzoiR/nTkHAWNud2uvnJquD1/x5a7EQZMJT0AczqK0Qn67oY/TTQ1LbUKajZpp3I9tQ==

express-pino-logger@^6.0.0:
  version "6.0.0"
  resolved "https://registry.yarnpkg.com/express-pino-logger/-/express-pino-logger-6.0.0.tgz#ed8f71dbbc3c2affbd4104a287f9c2a6a39b435b"
  integrity sha512-YjBnalqgsNylRnWEpQGf8YzBP54stpoqX/o+SnpGr04OB7dRIQlsC1qvutFOyRjhLhXIWCe43pYJcjp9zM1Ccg==
  dependencies:
    pino-http "^5.3.0"

fast-redact@^3.0.0:
  version "3.0.0"
  resolved "https://registry.yarnpkg.com/fast-redact/-/fast-redact-3.0.0.tgz#ac2f9e36c9f4976f5db9fb18c6ffbaf308cf316d"
  integrity sha512-a/S/Hp6aoIjx7EmugtzLqXmcNsyFszqbt6qQ99BdG61QjBZF6shNis0BYR6TsZOQ1twYc0FN2Xdhwwbv6+KD0w==

fast-safe-stringify@^2.0.7:
  version "2.0.7"
  resolved "https://registry.yarnpkg.com/fast-safe-stringify/-/fast-safe-stringify-2.0.7.tgz#124aa885899261f68aedb42a7c080de9da608743"
  integrity sha512-Utm6CdzT+6xsDk2m8S6uL8VHxNwI6Jub+e9NYTcAms28T84pTa25GJQV9j0CY0N1rM8hK4x6grpF2BQf+2qwVA==

fast-url-parser@^1.1.3:
  version "1.1.3"
  resolved "https://registry.yarnpkg.com/fast-url-parser/-/fast-url-parser-1.1.3.tgz#f4af3ea9f34d8a271cf58ad2b3759f431f0b318d"
  integrity sha1-9K8+qfNNiicc9YrSs3WfQx8LMY0=
  dependencies:
    punycode "^1.3.2"

flatstr@^1.0.12:
  version "1.0.12"
  resolved "https://registry.yarnpkg.com/flatstr/-/flatstr-1.0.12.tgz#c2ba6a08173edbb6c9640e3055b95e287ceb5931"
  integrity sha512-4zPxDyhCyiN2wIAtSLI6gc82/EjqZc1onI4Mz/l0pWrAlsSfYH/2ZIcU+e3oA2wDwbzIWNKwa23F8rh6+DRWkw==

pino-http@^5.3.0:
  version "5.5.0"
  resolved "https://registry.yarnpkg.com/pino-http/-/pino-http-5.5.0.tgz#b91e02714cc40b13fc3d82222fc1a96f0c99d6ea"
  integrity sha512-ZXhWeYhUisf9oZdS54XaBTrNVzZ7p61/sw0RpwCdU1vI/qdGWvSG4QUA5qU5Y5ya47ch3kM3HTcZf/QB5SCtNw==
  dependencies:
    fast-url-parser "^1.1.3"
    pino "^6.0.0"
    pino-std-serializers "^2.4.0"

pino-std-serializers@^2.4.0:
  version "2.5.0"
  resolved "https://registry.yarnpkg.com/pino-std-serializers/-/pino-std-serializers-2.5.0.tgz#40ead781c65a0ce7ecd9c1c33f409d31fe712315"
  integrity sha512-wXqbqSrIhE58TdrxxlfLwU9eDhrzppQDvGhBEr1gYbzzM4KKo3Y63gSjiDXRKLVS2UOXdPNR2v+KnQgNrs+xUg==

pino-std-serializers@^3.1.0:
  version "3.2.0"
  resolved "https://registry.yarnpkg.com/pino-std-serializers/-/pino-std-serializers-3.2.0.tgz#b56487c402d882eb96cd67c257868016b61ad671"
  integrity sha512-EqX4pwDPrt3MuOAAUBMU0Tk5kR/YcCM5fNPEzgCO2zJ5HfX0vbiH9HbJglnyeQsN96Kznae6MWD47pZB5avTrg==

pino@^6.0.0:
  version "6.11.1"
  resolved "https://registry.yarnpkg.com/pino/-/pino-6.11.1.tgz#5af2d5395cfe625ead9fe64a3b51a4802cd2598e"
  integrity sha512-PoDR/4jCyaP1k2zhuQ4N0NuhaMtei+C9mUHBRRJQujexl/bq3JkeL2OC23ada6Np3zeUMHbO4TGzY2D/rwZX3w==
  dependencies:
    fast-redact "^3.0.0"
    fast-safe-stringify "^2.0.7"
    flatstr "^1.0.12"
    pino-std-serializers "^3.1.0"
    quick-format-unescaped "^4.0.1"
    sonic-boom "^1.0.2"

punycode@^1.3.2:
  version "1.4.1"
  resolved "https://registry.yarnpkg.com/punycode/-/punycode-1.4.1.tgz#c0d5a63b2718800ad8e1eb0fa5269c84dd41845e"
  integrity sha1-wNWmOycYgArY4esPpSachN1BhF4=

quick-format-unescaped@^4.0.1:
  version "4.0.1"
  resolved "https://registry.yarnpkg.com/quick-format-unescaped/-/quick-format-unescaped-4.0.1.tgz#437a5ea1a0b61deb7605f8ab6a8fd3858dbeb701"
  integrity sha512-RyYpQ6Q5/drsJyOhrWHYMWTedvjTIat+FTwv0K4yoUxzvekw2aRHMQJLlnvt8UantkZg2++bEzD9EdxXqkWf4A==

sonic-boom@^1.0.2:
  version "1.3.2"
  resolved "https://registry.yarnpkg.com/sonic-boom/-/sonic-boom-1.3.2.tgz#169c2671397a490adffb070510d516544a65c0ed"
  integrity sha512-/B4tAuK2+hIlR94GhhWU1mJHWk5lt0CEuBvG0kvk1qIAzQc4iB1TieMio8DCZxY+Y7tsuzOxSUDOGmaUm3vXMg==
  dependencies:
    atomic-sleep "^1.0.0"
    flatstr "^1.0.12"
